
Microsoft Visual Studio Solution File, Format Version 12.00
# Visual Studio Version 16
VisualStudioVersion = 16.0.31112.23
MinimumVisualStudioVersion = 10.0.40219.1
Project("{FAE04EC0-301F-11D3-BF4B-00C04F79EFBC}") = "RPClient", "RPClient\RPClient.csproj", "{6B6180B5-D3BE-45D6-A3F2-99BA9A228E5A}"
EndProject
Project("{FAE04EC0-301F-11D3-BF4B-00C04F79EFBC}") = "RPServer", "RPServer\RPServer.csproj", "{C9E7994D-4D00-4AF1-A5B8-260B9ECE665C}"
EndProject
Global
	GlobalSection(SolutionConfigurationPlatforms) = preSolution
		Debug|Any CPU = Debug|Any CPU
		Release|Any CPU = Release|Any CPU
	EndGlobalSection
	GlobalSection(ProjectConfigurationPlatforms) = postSolution
		{6B6180B5-D3BE-45D6-A3F2-99BA9A228E5A}.Debug|Any CPU.ActiveCfg = Debug|Any CPU
		{6B6180B5-D3BE-45D6-A3F2-99BA9A228E5A}.Debug|Any CPU.Build.0 = Debug|Any CPU
		{6B6180B5-D3BE-45D6-A3F2-99BA9A228E5A}.Release|Any CPU.ActiveCfg = Release|Any CPU
		{6B6180B5-D3BE-45D6-A3F2-99BA9A228E5A}.Release|Any CPU.Build.0 = Release|Any CPU
		{C9E7994D-4D00-4AF1-A5B8-260B9ECE665C}.Debug|Any CPU.ActiveCfg = Debug|Any CPU
		{C9E7994D-4D00-4AF1-A5B8-260B9ECE665C}.Debug|Any CPU.Build.0 = Debug|Any CPU
		{C9E7994D-4D00-4AF1-A5B8-260B9ECE665C}.Release|Any CPU.ActiveCfg = Release|Any CPU
		{C9E7994D-4D00-4AF1-A5B8-260B9ECE665C}.Release|Any CPU.Build.0 = Release|Any CPU
	EndGlobalSection
	GlobalSection(SolutionProperties) = preSolution
		HideSolutionNode = FALSE
	EndGlobalSection
	GlobalSection(ExtensibilityGlobals) = postSolution
		SolutionGuid = {4ABC64BF-E5A1-44D3-9C1E-1DAA57105C59}
	EndGlobalSection
EndGlobal
